
Microsoft Visual Studio Solution File, Format Version 12.00
# Visual Studio Version 16
VisualStudioVersion = 16.0.30204.135
MinimumVisualStudioVersion = 10.0.40219.1
Project("{8BC9CEB8-8B4A-11D0-8D11-00A0C91BC942}") = "Minesweeper", "Minesweeper\Minesweeper.vcxproj", "{B7946A7A-1D04-44A5-8931-066C718BFA4B}"
EndProject
Global
	GlobalSection(SolutionConfigurationPlatforms) = preSolution
		Debug|x64 = Debug|x64
		Debug|x86 = Debug|x86
		Release|x64 = Release|x64
		Release|x86 = Release|x86
	EndGlobalSection
	GlobalSection(ProjectConfigurationPlatforms) = postSolution
		{B7946A7A-1D04-44A5-8931-066C718BFA4B}.Debug|x64.ActiveCfg = Debug|x64
		{B7946A7A-1D04-44A5-8931-066C718BFA4B}.Debug|x64.Build.0 = Debug|x64
		{B7946A7A-1D04-44A5-8931-066C718BFA4B}.Debug|x86.ActiveCfg = Debug|Win32
		{B7946A7A-1D04-44A5-8931-066C718BFA4B}.Debug|x86.Build.0 = Debug|Win32
		{B7946A7A-1D04-44A5-8931-066C718BFA4B}.Release|x64.ActiveCfg = Release|x64
		{B7946A7A-1D04-44A5-8931-066C718BFA4B}.Release|x64.Build.0 = Release|x64
		{B7946A7A-1D04-44A5-8931-066C718BFA4B}.Release|x86.ActiveCfg = Release|Win32
		{B7946A7A-1D04-44A5-8931-066C718BFA4B}.Release|x86.Build.0 = Release|Win32
	EndGlobalSection
	GlobalSection(SolutionProperties) = preSolution
		HideSolutionNode = FALSE
	EndGlobalSection
	GlobalSection(ExtensibilityGlobals) = postSolution
		SolutionGuid = {F39C48F4-1C4D-4824-994F-9126A75AE3C5}
	EndGlobalSection
EndGlobal
